
Microsoft Visual Studio Solution File, Format Version 12.00
# Visual Studio Version 17
VisualStudioVersion = 17.5.002.0
MinimumVisualStudioVersion = 10.0.40219.1
Project("{9A19103F-16F7-4668-BE54-9A1E7A4F7556}") = "DesafioProjetoHospedagem", "DesafioProjetoHospedagem.csproj", "{2F7BA99E-778A-4987-BB7D-A1E6574C59FE}"
EndProject
Global
	GlobalSection(SolutionConfigurationPlatforms) = preSolution
		Debug|Any CPU = Debug|Any CPU
		Release|Any CPU = Release|Any CPU
	EndGlobalSection
	GlobalSection(ProjectConfigurationPlatforms) = postSolution
		{2F7BA99E-778A-4987-BB7D-A1E6574C59FE}.Debug|Any CPU.ActiveCfg = Debug|Any CPU
		{2F7BA99E-778A-4987-BB7D-A1E6574C59FE}.Debug|Any CPU.Build.0 = Debug|Any CPU
		{2F7BA99E-778A-4987-BB7D-A1E6574C59FE}.Release|Any CPU.ActiveCfg = Release|Any CPU
		{2F7BA99E-778A-4987-BB7D-A1E6574C59FE}.Release|Any CPU.Build.0 = Release|Any CPU
	EndGlobalSection
	GlobalSection(SolutionProperties) = preSolution
		HideSolutionNode = FALSE
	EndGlobalSection
	GlobalSection(ExtensibilityGlobals) = postSolution
		SolutionGuid = {01ABDC5F-F957-4180-BDC3-8413E0C6A97D}
	EndGlobalSection
EndGlobal
